
Microsoft Visual Studio Solution File, Format Version 12.00
# Visual Studio Version 17
VisualStudioVersion = 17.8.34525.116
MinimumVisualStudioVersion = 10.0.40219.1
Project("{FAE04EC0-301F-11D3-BF4B-00C04F79EFBC}") = "StartPrintManage", "StartPrintManage\StartPrintManage.csproj", "{610B8D17-B165-4A93-99A2-2250EF1E4C6E}"
EndProject
Global
	GlobalSection(SolutionConfigurationPlatforms) = preSolution
		Debug|Any CPU = Debug|Any CPU
		Release|Any CPU = Release|Any CPU
	EndGlobalSection
	GlobalSection(ProjectConfigurationPlatforms) = postSolution
		{610B8D17-B165-4A93-99A2-2250EF1E4C6E}.Debug|Any CPU.ActiveCfg = Debug|Any CPU
		{610B8D17-B165-4A93-99A2-2250EF1E4C6E}.Debug|Any CPU.Build.0 = Debug|Any CPU
		{610B8D17-B165-4A93-99A2-2250EF1E4C6E}.Release|Any CPU.ActiveCfg = Release|Any CPU
		{610B8D17-B165-4A93-99A2-2250EF1E4C6E}.Release|Any CPU.Build.0 = Release|Any CPU
	EndGlobalSection
	GlobalSection(SolutionProperties) = preSolution
		HideSolutionNode = FALSE
	EndGlobalSection
	GlobalSection(ExtensibilityGlobals) = postSolution
		SolutionGuid = {728D9FCC-E63E-4071-9FB1-3E47D763675A}
	EndGlobalSection
EndGlobal
